
Microsoft Visual Studio Solution File, Format Version 12.00
# Visual Studio 15
VisualStudioVersion = 15.0.27004.2010
MinimumVisualStudioVersion = 10.0.40219.1
Project("{FAE04EC0-301F-11D3-BF4B-00C04F79EFBC}") = "LekkerFood.Models", "LekkerFood.Models\LekkerFood.Models.csproj", "{3F4818FA-2DC2-4111-B673-42C5789CF6AA}"
EndProject
Project("{FAE04EC0-301F-11D3-BF4B-00C04F79EFBC}") = "LekkerFood.Tests", "LekkerFood.Tests\LekkerFood.Tests.csproj", "{DDAFB7FB-D23A-4160-B1A1-4D437340734B}"
EndProject
Project("{FAE04EC0-301F-11D3-BF4B-00C04F79EFBC}") = "LekkerFood.Service", "LekkerFood.Service\LekkerFood.Service.csproj", "{AB2E72C3-7FF5-4398-8A1C-8CBC3DD01F0D}"
EndProject
Project("{FAE04EC0-301F-11D3-BF4B-00C04F79EFBC}") = "LekkerFood.Web", "LekkerFood.Web\LekkerFood.Web.csproj", "{C02D9978-BA8F-46A1-A944-ABE6B8A8297E}"
EndProject
Project("{FAE04EC0-301F-11D3-BF4B-00C04F79EFBC}") = "LekkerFood.Repository", "LekkerFood.Repository\LekkerFood.Repository.csproj", "{78AB2E4E-9BD9-4008-869B-D22F5A98EAC0}"
EndProject
Global
	GlobalSection(SolutionConfigurationPlatforms) = preSolution
		Debug|Any CPU = Debug|Any CPU
		Release|Any CPU = Release|Any CPU
	EndGlobalSection
	GlobalSection(ProjectConfigurationPlatforms) = postSolution
		{3F4818FA-2DC2-4111-B673-42C5789CF6AA}.Debug|Any CPU.ActiveCfg = Debug|Any CPU
		{3F4818FA-2DC2-4111-B673-42C5789CF6AA}.Debug|Any CPU.Build.0 = Debug|Any CPU
		{3F4818FA-2DC2-4111-B673-42C5789CF6AA}.Release|Any CPU.ActiveCfg = Release|Any CPU
		{3F4818FA-2DC2-4111-B673-42C5789CF6AA}.Release|Any CPU.Build.0 = Release|Any CPU
		{DDAFB7FB-D23A-4160-B1A1-4D437340734B}.Debug|Any CPU.ActiveCfg = Debug|Any CPU
		{DDAFB7FB-D23A-4160-B1A1-4D437340734B}.Debug|Any CPU.Build.0 = Debug|Any CPU
		{DDAFB7FB-D23A-4160-B1A1-4D437340734B}.Release|Any CPU.ActiveCfg = Release|Any CPU
		{DDAFB7FB-D23A-4160-B1A1-4D437340734B}.Release|Any CPU.Build.0 = Release|Any CPU
		{AB2E72C3-7FF5-4398-8A1C-8CBC3DD01F0D}.Debug|Any CPU.ActiveCfg = Debug|Any CPU
		{AB2E72C3-7FF5-4398-8A1C-8CBC3DD01F0D}.Debug|Any CPU.Build.0 = Debug|Any CPU
		{AB2E72C3-7FF5-4398-8A1C-8CBC3DD01F0D}.Release|Any CPU.ActiveCfg = Release|Any CPU
		{AB2E72C3-7FF5-4398-8A1C-8CBC3DD01F0D}.Release|Any CPU.Build.0 = Release|Any CPU
		{C02D9978-BA8F-46A1-A944-ABE6B8A8297E}.Debug|Any CPU.ActiveCfg = Debug|Any CPU
		{C02D9978-BA8F-46A1-A944-ABE6B8A8297E}.Debug|Any CPU.Build.0 = Debug|Any CPU
		{C02D9978-BA8F-46A1-A944-ABE6B8A8297E}.Release|Any CPU.ActiveCfg = Release|Any CPU
		{C02D9978-BA8F-46A1-A944-ABE6B8A8297E}.Release|Any CPU.Build.0 = Release|Any CPU
		{78AB2E4E-9BD9-4008-869B-D22F5A98EAC0}.Debug|Any CPU.ActiveCfg = Debug|Any CPU
		{78AB2E4E-9BD9-4008-869B-D22F5A98EAC0}.Debug|Any CPU.Build.0 = Debug|Any CPU
		{78AB2E4E-9BD9-4008-869B-D22F5A98EAC0}.Release|Any CPU.ActiveCfg = Release|Any CPU
		{78AB2E4E-9BD9-4008-869B-D22F5A98EAC0}.Release|Any CPU.Build.0 = Release|Any CPU
	EndGlobalSection
	GlobalSection(SolutionProperties) = preSolution
		HideSolutionNode = FALSE
	EndGlobalSection
	GlobalSection(ExtensibilityGlobals) = postSolution
		SolutionGuid = {3A1DA94B-7A64-4F64-BC4F-3AFAC473E6AE}
	EndGlobalSection
EndGlobal
